{
  "version": "5",
  "specifiers": {
    "npm:@supabase/supabase-js@^2.81.0": "2.81.0",
    "npm:@types/node@*": "24.2.0"
  },
  "npm": {
    "@supabase/auth-js@2.81.0": {
      "integrity": "sha512-mWyRPO+XUo19MHNBFg5qdH8cMIyxRNj9HXhwkwToxDHYRZWru96hWZFCVb7trOrTpPVe4TgLer2yy3KMvYBMPw==",
      "dependencies": [
        "tslib"
      ]
    },
    "@supabase/functions-js@2.81.0": {
      "integrity": "sha512-yxxIGbXm1TtRpP5VwXKEZIdQMd2XUrWS1xt3zPF3jMItX5dXfdpbz5YRPY3IfebR8gXB113d/APWvYLiNuzI1Q==",
      "dependencies": [
        "tslib"
      ]
    },
    "@supabase/postgrest-js@2.81.0": {
      "integrity": "sha512-HdybTRf5Sy+gBxzgwkag+WkvV8QqMXhnKQ383YG51lCbm8p82CuCcUTzGy2xFHiA2ZXnnlkSzrfw8uKFAiAiog==",
      "dependencies": [
        "tslib"
      ]
    },
    "@supabase/realtime-js@2.81.0": {
      "integrity": "sha512-WCL9kMbmHQNGAG4ep+jfU22+h9OiQVv7bbkOmLy4gwlqtE+SJszkAtRp3l3xthqYkbxHbIqGc/BlHv3Dh79cXg==",
      "dependencies": [
        "@types/phoenix",
        "@types/ws",
        "tslib",
        "ws"
      ]
    },
    "@supabase/storage-js@2.81.0": {
      "integrity": "sha512-gj9u+EyEVLgDA9jW8JOsAgEc8H79zg01STK5KLv9EU45kf5Qh7kAoCmG090Jkp/YEGvSiaR/Ta7Xs/gUTLqflw==",
      "dependencies": [
        "tslib"
      ]
    },
    "@supabase/supabase-js@2.81.0": {
      "integrity": "sha512-FkiqUYCzsT92V/mfvoFueszkQrPqSTHgXhN9ADqeMpY5j0tUqeAZu8g2ptLYiDmx1pBbh4xoiqxWAf3UDIv4Bw==",
      "dependencies": [
        "@supabase/auth-js",
        "@supabase/functions-js",
        "@supabase/postgrest-js",
        "@supabase/realtime-js",
        "@supabase/storage-js"
      ]
    },
    "@types/node@24.2.0": {
      "integrity": "sha512-3xyG3pMCq3oYCNg7/ZP+E1ooTaGB4cG8JWRsqqOYQdbWNY4zbaV0Ennrd7stjiJEFZCaybcIgpTjJWHRfBSIDw==",
      "dependencies": [
        "undici-types"
      ]
    },
    "@types/phoenix@1.6.6": {
      "integrity": "sha512-PIzZZlEppgrpoT2QgbnDU+MMzuR6BbCjllj0bM70lWoejMeNJAxCchxnv7J3XFkI8MpygtRpzXrIlmWUBclP5A=="
    },
    "@types/ws@8.18.1": {
      "integrity": "sha512-ThVF6DCVhA8kUGy+aazFQ4kXQ7E1Ty7A3ypFOe0IcJV8O/M511G99AW24irKrW56Wt44yG9+ij8FaqoBGkuBXg==",
      "dependencies": [
        "@types/node"
      ]
    },
    "tslib@2.8.1": {
      "integrity": "sha512-oJFu94HQb+KVduSUQL7wnpmqnfmLsOA/nAh6b6EH0wCEoK0/mPeXU6c3wKDV83MkOuHPRHtSXKKU99IBazS/2w=="
    },
    "undici-types@7.10.0": {
      "integrity": "sha512-t5Fy/nfn+14LuOc2KNYg75vZqClpAiqscVvMygNnlsHBFpSXdJaYtXMcdNLpl/Qvc3P2cB3s6lOV51nqsFq4ag=="
    },
    "ws@8.18.3": {
      "integrity": "sha512-PEIGCY5tSlUt50cqyMXfCzX+oOPqN0vuGqWzbcJ2xvnkzkq46oOpz7dQaTDBdfICb4N14+GARUDw2XV2N4tvzg=="
    }
  },
  "redirects": {
    "https://esm.sh/@supabase/supabase-js@2": "https://esm.sh/@supabase/supabase-js@2.81.0"
  },
  "remote": {
    "https://esm.sh/@supabase/auth-js@2.81.0/denonext/auth-js.mjs": "b5fd37fcb23c29d8aced42fa5860351b2c3cdf6c93f682f5ad18eae9a5ec975f",
    "https://esm.sh/@supabase/functions-js@2.81.0/denonext/functions-js.mjs": "9d372092ef779df5229d5dfdb99418b18a3ca13aa2c75bdfc2bb800152e63209",
    "https://esm.sh/@supabase/postgrest-js@2.81.0/denonext/postgrest-js.mjs": "06f7dfb7d7a12928ca6b032ff85c08da7e615bde3d6ce8296a15f6e5275b9c67",
    "https://esm.sh/@supabase/realtime-js@2.81.0/denonext/realtime-js.mjs": "9dd5143d77cf76c29eeaba47d275ba175b1757d95de746c6ac47dcc9cc20dc35",
    "https://esm.sh/@supabase/storage-js@2.81.0/denonext/storage-js.mjs": "a1fd4ba5177e3929f8ef2d0e3a67925bc2a8fe3a44842c86ed272fe8ab4d32ac",
    "https://esm.sh/@supabase/supabase-js@2.81.0": "3770fbb84be9073d4e9961daf72e0b750d9af22be7798386a487e653ab8ce0b5",
    "https://esm.sh/@supabase/supabase-js@2.81.0/denonext/supabase-js.mjs": "14d334ff59edbb57f86e22c7b63ffe9b0ba16987884b7cbcd028d460714a57fc",
    "https://esm.sh/tslib@2.8.1/denonext/tslib.mjs": "ebce3cd5facb654623020337f867b426ba95f71596ba87acc9e6c6f4e55905ca"
  },
  "workspace": {
    "dependencies": [
      "npm:@supabase/supabase-js@^2.81.0"
    ]
  }
}
